
Microsoft Visual Studio Solution File, Format Version 12.00
# Visual Studio Version 17
VisualStudioVersion = 17.0.00000.0
MinimumVisualStudioVersion = 10.0.00000.1
Project("{FAE04EC0-301F-11D3-BF4B-00C04F79EFBC}") = "ytmp3ify", "ytmp3ify\ytmp3ify.csproj", "{2344AEF3-5CF6-4687-BCDA-9DE00A517B91}"
EndProject
Global
	GlobalSection(SolutionConfigurationPlatforms) = preSolution
		Debug|Any CPU = Debug|Any CPU
		Release|Any CPU = Release|Any CPU
	EndGlobalSection
	GlobalSection(ProjectConfigurationPlatforms) = postSolution
		{2344AEF3-5CF6-4687-BCDA-9DE00A517B91}.Debug|Any CPU.ActiveCfg = Debug|Any CPU
		{2344AEF3-5CF6-4687-BCDA-9DE00A517B91}.Debug|Any CPU.Build.0 = Debug|Any CPU
		{2344AEF3-5CF6-4687-BCDA-9DE00A517B91}.Release|Any CPU.ActiveCfg = Release|Any CPU
		{2344AEF3-5CF6-4687-BCDA-9DE00A517B91}.Release|Any CPU.Build.0 = Release|Any CPU
	EndGlobalSection
	GlobalSection(SolutionProperties) = preSolution
		HideSolutionNode = FALSE
	EndGlobalSection
	GlobalSection(ExtensibilityGlobals) = postSolution
		SolutionGuid = {97677368-4650-4EE8-BBE2-BB0548B87246}
	EndGlobalSection
EndGlobal
